
Microsoft Visual Studio Solution File, Format Version 12.00
# Visual Studio 15
Project("{FAE04EC0-301F-11D3-BF4B-00C04F79EFBC}") = "C2Bridge", "C2Bridge\C2Bridge.csproj", "{C00C7DE9-6F1D-4A2B-A2E0-75898AB12B69}"
EndProject
Global
	GlobalSection(SolutionConfigurationPlatforms) = preSolution
		Debug|Any CPU = Debug|Any CPU
		Release|Any CPU = Release|Any CPU
	EndGlobalSection
	GlobalSection(ProjectConfigurationPlatforms) = postSolution
		{C00C7DE9-6F1D-4A2B-A2E0-75898AB12B69}.Debug|Any CPU.ActiveCfg = Debug|Any CPU
		{C00C7DE9-6F1D-4A2B-A2E0-75898AB12B69}.Debug|Any CPU.Build.0 = Debug|Any CPU
		{C00C7DE9-6F1D-4A2B-A2E0-75898AB12B69}.Release|Any CPU.ActiveCfg = Release|Any CPU
		{C00C7DE9-6F1D-4A2B-A2E0-75898AB12B69}.Release|Any CPU.Build.0 = Release|Any CPU
	EndGlobalSection
EndGlobal
